
Microsoft Visual Studio Solution File, Format Version 11.00
# Visual Studio 2010
Project("{FAE04EC0-301F-11D3-BF4B-00C04F79EFBC}") = "QIS.Data.Core", "QIS.Data.Core\QIS.Data.Core.csproj", "{CAC7A3D3-E6BB-4C97-B728-B87D395EB688}"
EndProject
Project("{2150E333-8FDC-42A3-9474-1A3956D46DE8}") = "Framework", "Framework", "{D4F985EB-EB12-4630-BE76-AF9EA19408FD}"
EndProject
Project("{FAE04EC0-301F-11D3-BF4B-00C04F79EFBC}") = "QIS.Medinfras.Data.Service", "QIS.Medinfras.Data.Service\QIS.Medinfras.Data.Service.csproj", "{E8019F76-DE58-43A7-984C-A1272D62EA45}"
	ProjectSection(ProjectDependencies) = postProject
		{CAC7A3D3-E6BB-4C97-B728-B87D395EB688} = {CAC7A3D3-E6BB-4C97-B728-B87D395EB688}
	EndProjectSection
EndProject
Project("{FAE04EC0-301F-11D3-BF4B-00C04F79EFBC}") = "QIS.Medinfras.Web.Common", "QIS.Medinfras.Web.Common\QIS.Medinfras.Web.Common.csproj", "{12E5AAFD-04A7-4D8F-8840-C8CB4E0B23DC}"
	ProjectSection(ProjectDependencies) = postProject
		{E8019F76-DE58-43A7-984C-A1272D62EA45} = {E8019F76-DE58-43A7-984C-A1272D62EA45}
		{A61E72CD-A2CE-42EF-BBD5-9657CC3C8E9E} = {A61E72CD-A2CE-42EF-BBD5-9657CC3C8E9E}
		{CAC7A3D3-E6BB-4C97-B728-B87D395EB688} = {CAC7A3D3-E6BB-4C97-B728-B87D395EB688}
	EndProjectSection
EndProject
Project("{FAE04EC0-301F-11D3-BF4B-00C04F79EFBC}") = "QIS.Medinfras.Common", "QIS.Medinfras.Common\QIS.Medinfras.Common.csproj", "{9E6B3785-82DE-4A2A-8E50-96127FCF7735}"
EndProject
Project("{FAE04EC0-301F-11D3-BF4B-00C04F79EFBC}") = "QIS.Medinfras.Web.CustomControl", "QIS.Medinfras.Web.Control\QIS.Medinfras.Web.CustomControl.csproj", "{A61E72CD-A2CE-42EF-BBD5-9657CC3C8E9E}"
EndProject
Project("{FAE04EC0-301F-11D3-BF4B-00C04F79EFBC}") = "QIS.Medinfras.Web.CommonLibs", "QIS.Medinfras.Web.CommonLibs\QIS.Medinfras.Web.CommonLibs.csproj", "{55D82CB3-5508-45BD-B661-E723F8D78473}"
EndProject
Project("{FAE04EC0-301F-11D3-BF4B-00C04F79EFBC}") = "QIS.Medinfras.Web.Outpatient", "QIS.Medinfras.Web.Outpatient\QIS.Medinfras.Web.Outpatient.csproj", "{78931DDA-587C-4393-B846-A14C103BCDE6}"
EndProject
Project("{FAE04EC0-301F-11D3-BF4B-00C04F79EFBC}") = "QIS.Medinfras.Web.SystemSetup", "QIS.Medinfras.Web.SystemSetup\QIS.Medinfras.Web.SystemSetup.csproj", "{15CE4ECF-5566-464E-96DC-48C549ECA0DC}"
EndProject
Project("{FAE04EC0-301F-11D3-BF4B-00C04F79EFBC}") = "QIS.Medinfras.Web.Inpatient", "QIS.Medinfras.Web.Inpatient\QIS.Medinfras.Web.Inpatient.csproj", "{AB8B312B-C6F1-47E6-895E-DFE2D0651CF2}"
EndProject
Project("{FAE04EC0-301F-11D3-BF4B-00C04F79EFBC}") = "QIS.Medinfras.Web.EmergencyCare", "QIS.Medinfras.Web.EmergencyCare\QIS.Medinfras.Web.EmergencyCare.csproj", "{B1EB1CBA-5D16-4E40-B279-5BABA6ED3700}"
EndProject
Project("{FAE04EC0-301F-11D3-BF4B-00C04F79EFBC}") = "QIS.Medinfras.Web.MedicalRecord", "QIS.Medinfras.Web.MedicalRecord\QIS.Medinfras.Web.MedicalRecord.csproj", "{A4AB6EB6-4C55-4D8E-87D9-0B61A744D683}"
EndProject
Project("{FAE04EC0-301F-11D3-BF4B-00C04F79EFBC}") = "QIS.Medinfras.Web.EMR", "QIS.Medinfras.Web.EMR\QIS.Medinfras.Web.EMR.csproj", "{FCDA73F5-8D8F-4133-A3B9-774482200FDD}"
EndProject
Project("{2150E333-8FDC-42A3-9474-1A3956D46DE8}") = "Module", "Module", "{275BB145-F5E8-4371-A05C-6D73D735B4A6}"
EndProject
Project("{2150E333-8FDC-42A3-9474-1A3956D46DE8}") = "Libs", "Libs", "{84928648-95F5-4AA1-A16B-AF4D04FEF7A2}"
EndProject
Project("{FAE04EC0-301F-11D3-BF4B-00C04F79EFBC}") = "QIS.Medinfras.Web.Pharmacy", "QIS.Medinfras.Web.Pharmacy\QIS.Medinfras.Web.Pharmacy.csproj", "{A3CE7DF1-2CB4-45B9-924E-DBFBCA4ACEDA}"
EndProject
Project("{FAE04EC0-301F-11D3-BF4B-00C04F79EFBC}") = "QIS.Medinfras.Web.MedicalDiagnostic", "QIS.Medinfras.Web.MedicalDiagnostic\QIS.Medinfras.Web.MedicalDiagnostic.csproj", "{C4D756AB-F3BC-42D8-8363-980EE5CEE152}"
EndProject
Project("{FAE04EC0-301F-11D3-BF4B-00C04F79EFBC}") = "QIS.Medinfras.Web.Inventory", "QIS.Medinfras.Web.Inventory\QIS.Medinfras.Web.Inventory.csproj", "{304A8014-326C-46D8-AC2C-B5B048CFFD5B}"
EndProject
Project("{FAE04EC0-301F-11D3-BF4B-00C04F79EFBC}") = "QIS.Medinfras.Web.Imaging", "QIS.Medinfras.Web.Imaging\QIS.Medinfras.Web.Imaging.csproj", "{7F88C894-5DAB-4A70-9A0F-894BB4CD750A}"
EndProject
Project("{FAE04EC0-301F-11D3-BF4B-00C04F79EFBC}") = "QIS.Medinfras.Web.Laboratory", "QIS.Medinfras.Web.Laboratory\QIS.Medinfras.Web.Laboratory.csproj", "{FA4EAC19-DC9A-4BAA-9ABF-B2D21C42C0B9}"
EndProject
Project("{FAE04EC0-301F-11D3-BF4B-00C04F79EFBC}") = "QIS.Medinfras.Web.Finance", "QIS.Medinfras.Web.Finance\QIS.Medinfras.Web.Finance.csproj", "{D960D80E-C286-45E1-8775-F20DDFAB80F5}"
EndProject
Project("{FAE04EC0-301F-11D3-BF4B-00C04F79EFBC}") = "QIS.Medinfras.Web.MedicalCheckup", "QIS.Medinfras.Web.MedicalCheckup\QIS.Medinfras.Web.MedicalCheckup.csproj", "{A88F5BBB-C922-4B8B-939F-E1BB17E4C1B8}"
EndProject
Project("{2150E333-8FDC-42A3-9474-1A3956D46DE8}") = "Tools", "Tools", "{9B79A32C-CF77-460B-A7BE-D79815C4ACBB}"
EndProject
Project("{FAE04EC0-301F-11D3-BF4B-00C04F79EFBC}") = "QIS.DesktopTools", "QIS.DesktopTools\QIS.DesktopTools.csproj", "{C920D1CB-8CD9-47AB-A1E4-C4ED9DBC714B}"
EndProject
Project("{FAE04EC0-301F-11D3-BF4B-00C04F79EFBC}") = "QIS.Medinfras.ReportDesktop", "QIS.Medinfras.ReportDesktop\QIS.Medinfras.ReportDesktop.csproj", "{9B194471-A1D2-47DF-A29A-D0BFA091489F}"
EndProject
Project("{FAE04EC0-301F-11D3-BF4B-00C04F79EFBC}") = "QIS.Medinfras.ReportViewer", "QIS.Medinfras.ReportViewer\QIS.Medinfras.ReportViewer.csproj", "{31598FE3-959D-4311-AF79-16EF518C60C8}"
EndProject
Project("{FAE04EC0-301F-11D3-BF4B-00C04F79EFBC}") = "QIS.Medinfras.Web.Accounting", "QIS.Medinfras.Web.Accounting\QIS.Medinfras.Web.Accounting.csproj", "{C608D160-B553-4C1B-90A7-EB2B1A8DAAE1}"
EndProject
Project("{FAE04EC0-301F-11D3-BF4B-00C04F79EFBC}") = "QIS.Medinfras.Web.Nutrition", "QIS.Medinfras.Web.Nutrition\QIS.Medinfras.Web.Nutrition.csproj", "{9DF41F43-C9D8-41BF-93C5-64FEA0765B23}"
EndProject
Project("{FAE04EC0-301F-11D3-BF4B-00C04F79EFBC}") = "QIS.Medinfras.Web.Nursing", "QIS.Medinfras.Web.Nursery\QIS.Medinfras.Web.Nursing.csproj", "{101D2474-8B4F-4402-A337-9411AAF7D930}"
EndProject
Project("{FAE04EC0-301F-11D3-BF4B-00C04F79EFBC}") = "QIS.Medinfras.ReportDesigner", "QIS.Medinfras.ReportDesigner\QIS.Medinfras.ReportDesigner.csproj", "{99881D79-AB40-41D6-99E0-56C88B9D886D}"
EndProject
Project("{FAE04EC0-301F-11D3-BF4B-00C04F79EFBC}") = "QIS.Medinfras.Web.Billing", "QIS.Medinfras.Web.Billing\QIS.Medinfras.Web.Billing.csproj", "{196E0F9A-4B8F-4B96-B599-57A4EBBC7065}"
	ProjectSection(ProjectDependencies) = postProject
		{A61E72CD-A2CE-42EF-BBD5-9657CC3C8E9E} = {A61E72CD-A2CE-42EF-BBD5-9657CC3C8E9E}
	EndProjectSection
EndProject
Project("{FAE04EC0-301F-11D3-BF4B-00C04F79EFBC}") = "QIS.Medinfras.DesktopTools.Notification", "QIS.Medinfras.DesktopTools.Notification\QIS.Medinfras.DesktopTools.Notification.csproj", "{BDC46B22-94DD-4F4C-84CA-CB9D083E1EA1}"
EndProject
Project("{2150E333-8FDC-42A3-9474-1A3956D46DE8}") = "DesktopTools", "DesktopTools", "{F0CBA79B-AE8D-4BA0-BF76-9B5CCB66B642}"
EndProject
Project("{FAE04EC0-301F-11D3-BF4B-00C04F79EFBC}") = "QIS.Medinfras.Web.Dashboard", "QIS.Medinfras.Web.Dashboard\QIS.Medinfras.Web.Dashboard.csproj", "{F2F83A3B-2EEA-4978-9587-64CD81BB415F}"
EndProject
Project("{FAE04EC0-301F-11D3-BF4B-00C04F79EFBC}") = "QIS.Medinfras.Web.Reporting", "QIS.Medinfras.Web.Reporting\QIS.Medinfras.Web.Reporting.csproj", "{869275EF-21DA-4CA5-9003-32ADFD393D9E}"
EndProject
Project("{2150E333-8FDC-42A3-9474-1A3956D46DE8}") = ".nuget", ".nuget", "{EDC9DF8A-A80F-4333-9097-2A08AFB5900C}"
	ProjectSection(SolutionItems) = preProject
		.nuget\packages.config = .nuget\packages.config
	EndProjectSection
EndProject
Project("{FAE04EC0-301F-11D3-BF4B-00C04F79EFBC}") = "QIS.Medinfras.Web.Radiotheraphy", "QIS.Medinfras.Web.Radiotheraphy\QIS.Medinfras.Web.Radiotheraphy.csproj", "{F1D78C0A-AC88-4E80-9707-2082A04318B9}"
EndProject
Global
	GlobalSection(SolutionConfigurationPlatforms) = preSolution
		Debug|Any CPU = Debug|Any CPU
		Debug|Mixed Platforms = Debug|Mixed Platforms
		Debug|x86 = Debug|x86
		Release|Any CPU = Release|Any CPU
		Release|Mixed Platforms = Release|Mixed Platforms
		Release|x86 = Release|x86
	EndGlobalSection
	GlobalSection(ProjectConfigurationPlatforms) = postSolution
		{CAC7A3D3-E6BB-4C97-B728-B87D395EB688}.Debug|Any CPU.ActiveCfg = Debug|Any CPU
		{CAC7A3D3-E6BB-4C97-B728-B87D395EB688}.Debug|Any CPU.Build.0 = Debug|Any CPU
		{CAC7A3D3-E6BB-4C97-B728-B87D395EB688}.Debug|Mixed Platforms.ActiveCfg = Debug|Any CPU
		{CAC7A3D3-E6BB-4C97-B728-B87D395EB688}.Debug|Mixed Platforms.Build.0 = Debug|Any CPU
		{CAC7A3D3-E6BB-4C97-B728-B87D395EB688}.Debug|x86.ActiveCfg = Debug|Any CPU
		{CAC7A3D3-E6BB-4C97-B728-B87D395EB688}.Release|Any CPU.ActiveCfg = Release|Any CPU
		{CAC7A3D3-E6BB-4C97-B728-B87D395EB688}.Release|Any CPU.Build.0 = Release|Any CPU
		{CAC7A3D3-E6BB-4C97-B728-B87D395EB688}.Release|Mixed Platforms.ActiveCfg = Release|Any CPU
		{CAC7A3D3-E6BB-4C97-B728-B87D395EB688}.Release|Mixed Platforms.Build.0 = Release|Any CPU
		{CAC7A3D3-E6BB-4C97-B728-B87D395EB688}.Release|x86.ActiveCfg = Release|Any CPU
		{E8019F76-DE58-43A7-984C-A1272D62EA45}.Debug|Any CPU.ActiveCfg = Debug|Any CPU
		{E8019F76-DE58-43A7-984C-A1272D62EA45}.Debug|Any CPU.Build.0 = Debug|Any CPU
		{E8019F76-DE58-43A7-984C-A1272D62EA45}.Debug|Mixed Platforms.ActiveCfg = Debug|Any CPU
		{E8019F76-DE58-43A7-984C-A1272D62EA45}.Debug|Mixed Platforms.Build.0 = Debug|Any CPU
		{E8019F76-DE58-43A7-984C-A1272D62EA45}.Debug|x86.ActiveCfg = Debug|Any CPU
		{E8019F76-DE58-43A7-984C-A1272D62EA45}.Release|Any CPU.ActiveCfg = Release|Any CPU
		{E8019F76-DE58-43A7-984C-A1272D62EA45}.Release|Any CPU.Build.0 = Release|Any CPU
		{E8019F76-DE58-43A7-984C-A1272D62EA45}.Release|Mixed Platforms.ActiveCfg = Release|Any CPU
		{E8019F76-DE58-43A7-984C-A1272D62EA45}.Release|Mixed Platforms.Build.0 = Release|Any CPU
		{E8019F76-DE58-43A7-984C-A1272D62EA45}.Release|x86.ActiveCfg = Release|Any CPU
		{12E5AAFD-04A7-4D8F-8840-C8CB4E0B23DC}.Debug|Any CPU.ActiveCfg = Debug|Any CPU
		{12E5AAFD-04A7-4D8F-8840-C8CB4E0B23DC}.Debug|Any CPU.Build.0 = Debug|Any CPU
		{12E5AAFD-04A7-4D8F-8840-C8CB4E0B23DC}.Debug|Mixed Platforms.ActiveCfg = Debug|Any CPU
		{12E5AAFD-04A7-4D8F-8840-C8CB4E0B23DC}.Debug|Mixed Platforms.Build.0 = Debug|Any CPU
		{12E5AAFD-04A7-4D8F-8840-C8CB4E0B23DC}.Debug|x86.ActiveCfg = Debug|Any CPU
		{12E5AAFD-04A7-4D8F-8840-C8CB4E0B23DC}.Release|Any CPU.ActiveCfg = Release|Any CPU
		{12E5AAFD-04A7-4D8F-8840-C8CB4E0B23DC}.Release|Any CPU.Build.0 = Release|Any CPU
		{12E5AAFD-04A7-4D8F-8840-C8CB4E0B23DC}.Release|Mixed Platforms.ActiveCfg = Release|Any CPU
		{12E5AAFD-04A7-4D8F-8840-C8CB4E0B23DC}.Release|Mixed Platforms.Build.0 = Release|Any CPU
		{12E5AAFD-04A7-4D8F-8840-C8CB4E0B23DC}.Release|x86.ActiveCfg = Release|Any CPU
		{9E6B3785-82DE-4A2A-8E50-96127FCF7735}.Debug|Any CPU.ActiveCfg = Debug|Any CPU
		{9E6B3785-82DE-4A2A-8E50-96127FCF7735}.Debug|Any CPU.Build.0 = Debug|Any CPU
		{9E6B3785-82DE-4A2A-8E50-96127FCF7735}.Debug|Mixed Platforms.ActiveCfg = Debug|Any CPU
		{9E6B3785-82DE-4A2A-8E50-96127FCF7735}.Debug|Mixed Platforms.Build.0 = Debug|Any CPU
		{9E6B3785-82DE-4A2A-8E50-96127FCF7735}.Debug|x86.ActiveCfg = Debug|Any CPU
		{9E6B3785-82DE-4A2A-8E50-96127FCF7735}.Release|Any CPU.ActiveCfg = Release|Any CPU
		{9E6B3785-82DE-4A2A-8E50-96127FCF7735}.Release|Any CPU.Build.0 = Release|Any CPU
		{9E6B3785-82DE-4A2A-8E50-96127FCF7735}.Release|Mixed Platforms.ActiveCfg = Release|Any CPU
		{9E6B3785-82DE-4A2A-8E50-96127FCF7735}.Release|Mixed Platforms.Build.0 = Release|Any CPU
		{9E6B3785-82DE-4A2A-8E50-96127FCF7735}.Release|x86.ActiveCfg = Release|Any CPU
		{A61E72CD-A2CE-42EF-BBD5-9657CC3C8E9E}.Debug|Any CPU.ActiveCfg = Debug|Any CPU
		{A61E72CD-A2CE-42EF-BBD5-9657CC3C8E9E}.Debug|Any CPU.Build.0 = Debug|Any CPU
		{A61E72CD-A2CE-42EF-BBD5-9657CC3C8E9E}.Debug|Mixed Platforms.ActiveCfg = Debug|Any CPU
		{A61E72CD-A2CE-42EF-BBD5-9657CC3C8E9E}.Debug|Mixed Platforms.Build.0 = Debug|Any CPU
		{A61E72CD-A2CE-42EF-BBD5-9657CC3C8E9E}.Debug|x86.ActiveCfg = Debug|Any CPU
		{A61E72CD-A2CE-42EF-BBD5-9657CC3C8E9E}.Release|Any CPU.ActiveCfg = Release|Any CPU
		{A61E72CD-A2CE-42EF-BBD5-9657CC3C8E9E}.Release|Any CPU.Build.0 = Release|Any CPU
		{A61E72CD-A2CE-42EF-BBD5-9657CC3C8E9E}.Release|Mixed Platforms.ActiveCfg = Release|Any CPU
		{A61E72CD-A2CE-42EF-BBD5-9657CC3C8E9E}.Release|Mixed Platforms.Build.0 = Release|Any CPU
		{A61E72CD-A2CE-42EF-BBD5-9657CC3C8E9E}.Release|x86.ActiveCfg = Release|Any CPU
		{55D82CB3-5508-45BD-B661-E723F8D78473}.Debug|Any CPU.ActiveCfg = Debug|Any CPU
		{55D82CB3-5508-45BD-B661-E723F8D78473}.Debug|Any CPU.Build.0 = Debug|Any CPU
		{55D82CB3-5508-45BD-B661-E723F8D78473}.Debug|Mixed Platforms.ActiveCfg = Debug|Any CPU
		{55D82CB3-5508-45BD-B661-E723F8D78473}.Debug|Mixed Platforms.Build.0 = Debug|Any CPU
		{55D82CB3-5508-45BD-B661-E723F8D78473}.Debug|x86.ActiveCfg = Debug|Any CPU
		{55D82CB3-5508-45BD-B661-E723F8D78473}.Release|Any CPU.ActiveCfg = Release|Any CPU
		{55D82CB3-5508-45BD-B661-E723F8D78473}.Release|Any CPU.Build.0 = Release|Any CPU
		{55D82CB3-5508-45BD-B661-E723F8D78473}.Release|Mixed Platforms.ActiveCfg = Release|Any CPU
		{55D82CB3-5508-45BD-B661-E723F8D78473}.Release|Mixed Platforms.Build.0 = Release|Any CPU
		{55D82CB3-5508-45BD-B661-E723F8D78473}.Release|x86.ActiveCfg = Release|Any CPU
		{78931DDA-587C-4393-B846-A14C103BCDE6}.Debug|Any CPU.ActiveCfg = Debug|Any CPU
		{78931DDA-587C-4393-B846-A14C103BCDE6}.Debug|Any CPU.Build.0 = Debug|Any CPU
		{78931DDA-587C-4393-B846-A14C103BCDE6}.Debug|Mixed Platforms.ActiveCfg = Debug|Any CPU
		{78931DDA-587C-4393-B846-A14C103BCDE6}.Debug|Mixed Platforms.Build.0 = Debug|Any CPU
		{78931DDA-587C-4393-B846-A14C103BCDE6}.Debug|x86.ActiveCfg = Debug|Any CPU
		{78931DDA-587C-4393-B846-A14C103BCDE6}.Release|Any CPU.ActiveCfg = Release|Any CPU
		{78931DDA-587C-4393-B846-A14C103BCDE6}.Release|Any CPU.Build.0 = Release|Any CPU
		{78931DDA-587C-4393-B846-A14C103BCDE6}.Release|Mixed Platforms.ActiveCfg = Release|Any CPU
		{78931DDA-587C-4393-B846-A14C103BCDE6}.Release|Mixed Platforms.Build.0 = Release|Any CPU
		{78931DDA-587C-4393-B846-A14C103BCDE6}.Release|x86.ActiveCfg = Release|Any CPU
		{15CE4ECF-5566-464E-96DC-48C549ECA0DC}.Debug|Any CPU.ActiveCfg = Debug|Any CPU
		{15CE4ECF-5566-464E-96DC-48C549ECA0DC}.Debug|Any CPU.Build.0 = Debug|Any CPU
		{15CE4ECF-5566-464E-96DC-48C549ECA0DC}.Debug|Mixed Platforms.ActiveCfg = Debug|Any CPU
		{15CE4ECF-5566-464E-96DC-48C549ECA0DC}.Debug|Mixed Platforms.Build.0 = Debug|Any CPU
		{15CE4ECF-5566-464E-96DC-48C549ECA0DC}.Debug|x86.ActiveCfg = Debug|Any CPU
		{15CE4ECF-5566-464E-96DC-48C549ECA0DC}.Release|Any CPU.ActiveCfg = Release|Any CPU
		{15CE4ECF-5566-464E-96DC-48C549ECA0DC}.Release|Any CPU.Build.0 = Release|Any CPU
		{15CE4ECF-5566-464E-96DC-48C549ECA0DC}.Release|Mixed Platforms.ActiveCfg = Release|Any CPU
		{15CE4ECF-5566-464E-96DC-48C549ECA0DC}.Release|Mixed Platforms.Build.0 = Release|Any CPU
		{15CE4ECF-5566-464E-96DC-48C549ECA0DC}.Release|x86.ActiveCfg = Release|Any CPU
		{AB8B312B-C6F1-47E6-895E-DFE2D0651CF2}.Debug|Any CPU.ActiveCfg = Debug|Any CPU
		{AB8B312B-C6F1-47E6-895E-DFE2D0651CF2}.Debug|Any CPU.Build.0 = Debug|Any CPU
		{AB8B312B-C6F1-47E6-895E-DFE2D0651CF2}.Debug|Mixed Platforms.ActiveCfg = Debug|Any CPU
		{AB8B312B-C6F1-47E6-895E-DFE2D0651CF2}.Debug|Mixed Platforms.Build.0 = Debug|Any CPU
		{AB8B312B-C6F1-47E6-895E-DFE2D0651CF2}.Debug|x86.ActiveCfg = Debug|Any CPU
		{AB8B312B-C6F1-47E6-895E-DFE2D0651CF2}.Release|Any CPU.ActiveCfg = Release|Any CPU
		{AB8B312B-C6F1-47E6-895E-DFE2D0651CF2}.Release|Any CPU.Build.0 = Release|Any CPU
		{AB8B312B-C6F1-47E6-895E-DFE2D0651CF2}.Release|Mixed Platforms.ActiveCfg = Release|Any CPU
		{AB8B312B-C6F1-47E6-895E-DFE2D0651CF2}.Release|Mixed Platforms.Build.0 = Release|Any CPU
		{AB8B312B-C6F1-47E6-895E-DFE2D0651CF2}.Release|x86.ActiveCfg = Release|Any CPU
		{B1EB1CBA-5D16-4E40-B279-5BABA6ED3700}.Debug|Any CPU.ActiveCfg = Debug|Any CPU
		{B1EB1CBA-5D16-4E40-B279-5BABA6ED3700}.Debug|Any CPU.Build.0 = Debug|Any CPU
		{B1EB1CBA-5D16-4E40-B279-5BABA6ED3700}.Debug|Mixed Platforms.ActiveCfg = Debug|Any CPU
		{B1EB1CBA-5D16-4E40-B279-5BABA6ED3700}.Debug|Mixed Platforms.Build.0 = Debug|Any CPU
		{B1EB1CBA-5D16-4E40-B279-5BABA6ED3700}.Debug|x86.ActiveCfg = Debug|Any CPU
		{B1EB1CBA-5D16-4E40-B279-5BABA6ED3700}.Release|Any CPU.ActiveCfg = Release|Any CPU
		{B1EB1CBA-5D16-4E40-B279-5BABA6ED3700}.Release|Any CPU.Build.0 = Release|Any CPU
		{B1EB1CBA-5D16-4E40-B279-5BABA6ED3700}.Release|Mixed Platforms.ActiveCfg = Release|Any CPU
		{B1EB1CBA-5D16-4E40-B279-5BABA6ED3700}.Release|Mixed Platforms.Build.0 = Release|Any CPU
		{B1EB1CBA-5D16-4E40-B279-5BABA6ED3700}.Release|x86.ActiveCfg = Release|Any CPU
		{A4AB6EB6-4C55-4D8E-87D9-0B61A744D683}.Debug|Any CPU.ActiveCfg = Debug|Any CPU
		{A4AB6EB6-4C55-4D8E-87D9-0B61A744D683}.Debug|Any CPU.Build.0 = Debug|Any CPU
		{A4AB6EB6-4C55-4D8E-87D9-0B61A744D683}.Debug|Mixed Platforms.ActiveCfg = Debug|Any CPU
		{A4AB6EB6-4C55-4D8E-87D9-0B61A744D683}.Debug|Mixed Platforms.Build.0 = Debug|Any CPU
		{A4AB6EB6-4C55-4D8E-87D9-0B61A744D683}.Debug|x86.ActiveCfg = Debug|Any CPU
		{A4AB6EB6-4C55-4D8E-87D9-0B61A744D683}.Release|Any CPU.ActiveCfg = Release|Any CPU
		{A4AB6EB6-4C55-4D8E-87D9-0B61A744D683}.Release|Any CPU.Build.0 = Release|Any CPU
		{A4AB6EB6-4C55-4D8E-87D9-0B61A744D683}.Release|Mixed Platforms.ActiveCfg = Release|Any CPU
		{A4AB6EB6-4C55-4D8E-87D9-0B61A744D683}.Release|Mixed Platforms.Build.0 = Release|Any CPU
		{A4AB6EB6-4C55-4D8E-87D9-0B61A744D683}.Release|x86.ActiveCfg = Release|Any CPU
		{FCDA73F5-8D8F-4133-A3B9-774482200FDD}.Debug|Any CPU.ActiveCfg = Debug|Any CPU
		{FCDA73F5-8D8F-4133-A3B9-774482200FDD}.Debug|Any CPU.Build.0 = Debug|Any CPU
		{FCDA73F5-8D8F-4133-A3B9-774482200FDD}.Debug|Mixed Platforms.ActiveCfg = Debug|Any CPU
		{FCDA73F5-8D8F-4133-A3B9-774482200FDD}.Debug|Mixed Platforms.Build.0 = Debug|Any CPU
		{FCDA73F5-8D8F-4133-A3B9-774482200FDD}.Debug|x86.ActiveCfg = Debug|Any CPU
		{FCDA73F5-8D8F-4133-A3B9-774482200FDD}.Release|Any CPU.ActiveCfg = Release|Any CPU
		{FCDA73F5-8D8F-4133-A3B9-774482200FDD}.Release|Any CPU.Build.0 = Release|Any CPU
		{FCDA73F5-8D8F-4133-A3B9-774482200FDD}.Release|Mixed Platforms.ActiveCfg = Release|Any CPU
		{FCDA73F5-8D8F-4133-A3B9-774482200FDD}.Release|Mixed Platforms.Build.0 = Release|Any CPU
		{FCDA73F5-8D8F-4133-A3B9-774482200FDD}.Release|x86.ActiveCfg = Release|Any CPU
		{A3CE7DF1-2CB4-45B9-924E-DBFBCA4ACEDA}.Debug|Any CPU.ActiveCfg = Debug|Any CPU
		{A3CE7DF1-2CB4-45B9-924E-DBFBCA4ACEDA}.Debug|Any CPU.Build.0 = Debug|Any CPU
		{A3CE7DF1-2CB4-45B9-924E-DBFBCA4ACEDA}.Debug|Mixed Platforms.ActiveCfg = Debug|Any CPU
		{A3CE7DF1-2CB4-45B9-924E-DBFBCA4ACEDA}.Debug|Mixed Platforms.Build.0 = Debug|Any CPU
		{A3CE7DF1-2CB4-45B9-924E-DBFBCA4ACEDA}.Debug|x86.ActiveCfg = Debug|Any CPU
		{A3CE7DF1-2CB4-45B9-924E-DBFBCA4ACEDA}.Release|Any CPU.ActiveCfg = Release|Any CPU
		{A3CE7DF1-2CB4-45B9-924E-DBFBCA4ACEDA}.Release|Any CPU.Build.0 = Release|Any CPU
		{A3CE7DF1-2CB4-45B9-924E-DBFBCA4ACEDA}.Release|Mixed Platforms.ActiveCfg = Release|Any CPU
		{A3CE7DF1-2CB4-45B9-924E-DBFBCA4ACEDA}.Release|Mixed Platforms.Build.0 = Release|Any CPU
		{A3CE7DF1-2CB4-45B9-924E-DBFBCA4ACEDA}.Release|x86.ActiveCfg = Release|Any CPU
		{C4D756AB-F3BC-42D8-8363-980EE5CEE152}.Debug|Any CPU.ActiveCfg = Debug|Any CPU
		{C4D756AB-F3BC-42D8-8363-980EE5CEE152}.Debug|Any CPU.Build.0 = Debug|Any CPU
		{C4D756AB-F3BC-42D8-8363-980EE5CEE152}.Debug|Mixed Platforms.ActiveCfg = Debug|Any CPU
		{C4D756AB-F3BC-42D8-8363-980EE5CEE152}.Debug|Mixed Platforms.Build.0 = Debug|Any CPU
		{C4D756AB-F3BC-42D8-8363-980EE5CEE152}.Debug|x86.ActiveCfg = Debug|Any CPU
		{C4D756AB-F3BC-42D8-8363-980EE5CEE152}.Release|Any CPU.ActiveCfg = Release|Any CPU
		{C4D756AB-F3BC-42D8-8363-980EE5CEE152}.Release|Any CPU.Build.0 = Release|Any CPU
		{C4D756AB-F3BC-42D8-8363-980EE5CEE152}.Release|Mixed Platforms.ActiveCfg = Release|Any CPU
		{C4D756AB-F3BC-42D8-8363-980EE5CEE152}.Release|Mixed Platforms.Build.0 = Release|Any CPU
		{C4D756AB-F3BC-42D8-8363-980EE5CEE152}.Release|x86.ActiveCfg = Release|Any CPU
		{304A8014-326C-46D8-AC2C-B5B048CFFD5B}.Debug|Any CPU.ActiveCfg = Debug|Any CPU
		{304A8014-326C-46D8-AC2C-B5B048CFFD5B}.Debug|Any CPU.Build.0 = Debug|Any CPU
		{304A8014-326C-46D8-AC2C-B5B048CFFD5B}.Debug|Mixed Platforms.ActiveCfg = Debug|Any CPU
		{304A8014-326C-46D8-AC2C-B5B048CFFD5B}.Debug|Mixed Platforms.Build.0 = Debug|Any CPU
		{304A8014-326C-46D8-AC2C-B5B048CFFD5B}.Debug|x86.ActiveCfg = Debug|Any CPU
		{304A8014-326C-46D8-AC2C-B5B048CFFD5B}.Release|Any CPU.ActiveCfg = Release|Any CPU
		{304A8014-326C-46D8-AC2C-B5B048CFFD5B}.Release|Any CPU.Build.0 = Release|Any CPU
		{304A8014-326C-46D8-AC2C-B5B048CFFD5B}.Release|Mixed Platforms.ActiveCfg = Release|Any CPU
		{304A8014-326C-46D8-AC2C-B5B048CFFD5B}.Release|Mixed Platforms.Build.0 = Release|Any CPU
		{304A8014-326C-46D8-AC2C-B5B048CFFD5B}.Release|x86.ActiveCfg = Release|Any CPU
		{7F88C894-5DAB-4A70-9A0F-894BB4CD750A}.Debug|Any CPU.ActiveCfg = Debug|Any CPU
		{7F88C894-5DAB-4A70-9A0F-894BB4CD750A}.Debug|Any CPU.Build.0 = Debug|Any CPU
		{7F88C894-5DAB-4A70-9A0F-894BB4CD750A}.Debug|Mixed Platforms.ActiveCfg = Debug|Any CPU
		{7F88C894-5DAB-4A70-9A0F-894BB4CD750A}.Debug|Mixed Platforms.Build.0 = Debug|Any CPU
		{7F88C894-5DAB-4A70-9A0F-894BB4CD750A}.Debug|x86.ActiveCfg = Debug|Any CPU
		{7F88C894-5DAB-4A70-9A0F-894BB4CD750A}.Release|Any CPU.ActiveCfg = Release|Any CPU
		{7F88C894-5DAB-4A70-9A0F-894BB4CD750A}.Release|Any CPU.Build.0 = Release|Any CPU
		{7F88C894-5DAB-4A70-9A0F-894BB4CD750A}.Release|Mixed Platforms.ActiveCfg = Release|Any CPU
		{7F88C894-5DAB-4A70-9A0F-894BB4CD750A}.Release|Mixed Platforms.Build.0 = Release|Any CPU
		{7F88C894-5DAB-4A70-9A0F-894BB4CD750A}.Release|x86.ActiveCfg = Release|Any CPU
		{FA4EAC19-DC9A-4BAA-9ABF-B2D21C42C0B9}.Debug|Any CPU.ActiveCfg = Debug|Any CPU
		{FA4EAC19-DC9A-4BAA-9ABF-B2D21C42C0B9}.Debug|Any CPU.Build.0 = Debug|Any CPU
		{FA4EAC19-DC9A-4BAA-9ABF-B2D21C42C0B9}.Debug|Mixed Platforms.ActiveCfg = Debug|Any CPU
		{FA4EAC19-DC9A-4BAA-9ABF-B2D21C42C0B9}.Debug|Mixed Platforms.Build.0 = Debug|Any CPU
		{FA4EAC19-DC9A-4BAA-9ABF-B2D21C42C0B9}.Debug|x86.ActiveCfg = Debug|Any CPU
		{FA4EAC19-DC9A-4BAA-9ABF-B2D21C42C0B9}.Release|Any CPU.ActiveCfg = Release|Any CPU
		{FA4EAC19-DC9A-4BAA-9ABF-B2D21C42C0B9}.Release|Any CPU.Build.0 = Release|Any CPU
		{FA4EAC19-DC9A-4BAA-9ABF-B2D21C42C0B9}.Release|Mixed Platforms.ActiveCfg = Release|Any CPU
		{FA4EAC19-DC9A-4BAA-9ABF-B2D21C42C0B9}.Release|Mixed Platforms.Build.0 = Release|Any CPU
		{FA4EAC19-DC9A-4BAA-9ABF-B2D21C42C0B9}.Release|x86.ActiveCfg = Release|Any CPU
		{D960D80E-C286-45E1-8775-F20DDFAB80F5}.Debug|Any CPU.ActiveCfg = Debug|Any CPU
		{D960D80E-C286-45E1-8775-F20DDFAB80F5}.Debug|Any CPU.Build.0 = Debug|Any CPU
		{D960D80E-C286-45E1-8775-F20DDFAB80F5}.Debug|Mixed Platforms.ActiveCfg = Debug|Any CPU
		{D960D80E-C286-45E1-8775-F20DDFAB80F5}.Debug|Mixed Platforms.Build.0 = Debug|Any CPU
		{D960D80E-C286-45E1-8775-F20DDFAB80F5}.Debug|x86.ActiveCfg = Debug|Any CPU
		{D960D80E-C286-45E1-8775-F20DDFAB80F5}.Release|Any CPU.ActiveCfg = Release|Any CPU
		{D960D80E-C286-45E1-8775-F20DDFAB80F5}.Release|Any CPU.Build.0 = Release|Any CPU
		{D960D80E-C286-45E1-8775-F20DDFAB80F5}.Release|Mixed Platforms.ActiveCfg = Release|Any CPU
		{D960D80E-C286-45E1-8775-F20DDFAB80F5}.Release|Mixed Platforms.Build.0 = Release|Any CPU
		{D960D80E-C286-45E1-8775-F20DDFAB80F5}.Release|x86.ActiveCfg = Release|Any CPU
		{A88F5BBB-C922-4B8B-939F-E1BB17E4C1B8}.Debug|Any CPU.ActiveCfg = Debug|Any CPU
		{A88F5BBB-C922-4B8B-939F-E1BB17E4C1B8}.Debug|Any CPU.Build.0 = Debug|Any CPU
		{A88F5BBB-C922-4B8B-939F-E1BB17E4C1B8}.Debug|Mixed Platforms.ActiveCfg = Debug|Any CPU
		{A88F5BBB-C922-4B8B-939F-E1BB17E4C1B8}.Debug|Mixed Platforms.Build.0 = Debug|Any CPU
		{A88F5BBB-C922-4B8B-939F-E1BB17E4C1B8}.Debug|x86.ActiveCfg = Debug|Any CPU
		{A88F5BBB-C922-4B8B-939F-E1BB17E4C1B8}.Release|Any CPU.ActiveCfg = Release|Any CPU
		{A88F5BBB-C922-4B8B-939F-E1BB17E4C1B8}.Release|Any CPU.Build.0 = Release|Any CPU
		{A88F5BBB-C922-4B8B-939F-E1BB17E4C1B8}.Release|Mixed Platforms.ActiveCfg = Release|Any CPU
		{A88F5BBB-C922-4B8B-939F-E1BB17E4C1B8}.Release|Mixed Platforms.Build.0 = Release|Any CPU
		{A88F5BBB-C922-4B8B-939F-E1BB17E4C1B8}.Release|x86.ActiveCfg = Release|Any CPU
		{C920D1CB-8CD9-47AB-A1E4-C4ED9DBC714B}.Debug|Any CPU.ActiveCfg = Debug|x86
		{C920D1CB-8CD9-47AB-A1E4-C4ED9DBC714B}.Debug|Mixed Platforms.ActiveCfg = Debug|x86
		{C920D1CB-8CD9-47AB-A1E4-C4ED9DBC714B}.Debug|Mixed Platforms.Build.0 = Debug|x86
		{C920D1CB-8CD9-47AB-A1E4-C4ED9DBC714B}.Debug|x86.ActiveCfg = Debug|x86
		{C920D1CB-8CD9-47AB-A1E4-C4ED9DBC714B}.Debug|x86.Build.0 = Debug|x86
		{C920D1CB-8CD9-47AB-A1E4-C4ED9DBC714B}.Release|Any CPU.ActiveCfg = Release|x86
		{C920D1CB-8CD9-47AB-A1E4-C4ED9DBC714B}.Release|Mixed Platforms.ActiveCfg = Release|x86
		{C920D1CB-8CD9-47AB-A1E4-C4ED9DBC714B}.Release|Mixed Platforms.Build.0 = Release|x86
		{C920D1CB-8CD9-47AB-A1E4-C4ED9DBC714B}.Release|x86.ActiveCfg = Release|x86
		{C920D1CB-8CD9-47AB-A1E4-C4ED9DBC714B}.Release|x86.Build.0 = Release|x86
		{9B194471-A1D2-47DF-A29A-D0BFA091489F}.Debug|Any CPU.ActiveCfg = Debug|Any CPU
		{9B194471-A1D2-47DF-A29A-D0BFA091489F}.Debug|Any CPU.Build.0 = Debug|Any CPU
		{9B194471-A1D2-47DF-A29A-D0BFA091489F}.Debug|Mixed Platforms.ActiveCfg = Debug|Any CPU
		{9B194471-A1D2-47DF-A29A-D0BFA091489F}.Debug|Mixed Platforms.Build.0 = Debug|Any CPU
		{9B194471-A1D2-47DF-A29A-D0BFA091489F}.Debug|x86.ActiveCfg = Debug|Any CPU
		{9B194471-A1D2-47DF-A29A-D0BFA091489F}.Release|Any CPU.ActiveCfg = Release|Any CPU
		{9B194471-A1D2-47DF-A29A-D0BFA091489F}.Release|Any CPU.Build.0 = Release|Any CPU
		{9B194471-A1D2-47DF-A29A-D0BFA091489F}.Release|Mixed Platforms.ActiveCfg = Release|Any CPU
		{9B194471-A1D2-47DF-A29A-D0BFA091489F}.Release|Mixed Platforms.Build.0 = Release|Any CPU
		{9B194471-A1D2-47DF-A29A-D0BFA091489F}.Release|x86.ActiveCfg = Release|Any CPU
		{31598FE3-959D-4311-AF79-16EF518C60C8}.Debug|Any CPU.ActiveCfg = Debug|x86
		{31598FE3-959D-4311-AF79-16EF518C60C8}.Debug|Mixed Platforms.ActiveCfg = Debug|x86
		{31598FE3-959D-4311-AF79-16EF518C60C8}.Debug|Mixed Platforms.Build.0 = Debug|x86
		{31598FE3-959D-4311-AF79-16EF518C60C8}.Debug|x86.ActiveCfg = Debug|x86
		{31598FE3-959D-4311-AF79-16EF518C60C8}.Debug|x86.Build.0 = Debug|x86
		{31598FE3-959D-4311-AF79-16EF518C60C8}.Release|Any CPU.ActiveCfg = Release|x86
		{31598FE3-959D-4311-AF79-16EF518C60C8}.Release|Mixed Platforms.ActiveCfg = Release|x86
		{31598FE3-959D-4311-AF79-16EF518C60C8}.Release|Mixed Platforms.Build.0 = Release|x86
		{31598FE3-959D-4311-AF79-16EF518C60C8}.Release|x86.ActiveCfg = Release|x86
		{31598FE3-959D-4311-AF79-16EF518C60C8}.Release|x86.Build.0 = Release|x86
		{C608D160-B553-4C1B-90A7-EB2B1A8DAAE1}.Debug|Any CPU.ActiveCfg = Debug|Any CPU
		{C608D160-B553-4C1B-90A7-EB2B1A8DAAE1}.Debug|Any CPU.Build.0 = Debug|Any CPU
		{C608D160-B553-4C1B-90A7-EB2B1A8DAAE1}.Debug|Mixed Platforms.ActiveCfg = Debug|Any CPU
		{C608D160-B553-4C1B-90A7-EB2B1A8DAAE1}.Debug|Mixed Platforms.Build.0 = Debug|Any CPU
		{C608D160-B553-4C1B-90A7-EB2B1A8DAAE1}.Debug|x86.ActiveCfg = Debug|Any CPU
		{C608D160-B553-4C1B-90A7-EB2B1A8DAAE1}.Release|Any CPU.ActiveCfg = Release|Any CPU
		{C608D160-B553-4C1B-90A7-EB2B1A8DAAE1}.Release|Any CPU.Build.0 = Release|Any CPU
		{C608D160-B553-4C1B-90A7-EB2B1A8DAAE1}.Release|Mixed Platforms.ActiveCfg = Release|Any CPU
		{C608D160-B553-4C1B-90A7-EB2B1A8DAAE1}.Release|Mixed Platforms.Build.0 = Release|Any CPU
		{C608D160-B553-4C1B-90A7-EB2B1A8DAAE1}.Release|x86.ActiveCfg = Release|Any CPU
		{9DF41F43-C9D8-41BF-93C5-64FEA0765B23}.Debug|Any CPU.ActiveCfg = Debug|Any CPU
		{9DF41F43-C9D8-41BF-93C5-64FEA0765B23}.Debug|Any CPU.Build.0 = Debug|Any CPU
		{9DF41F43-C9D8-41BF-93C5-64FEA0765B23}.Debug|Mixed Platforms.ActiveCfg = Debug|Any CPU
		{9DF41F43-C9D8-41BF-93C5-64FEA0765B23}.Debug|Mixed Platforms.Build.0 = Debug|Any CPU
		{9DF41F43-C9D8-41BF-93C5-64FEA0765B23}.Debug|x86.ActiveCfg = Debug|Any CPU
		{9DF41F43-C9D8-41BF-93C5-64FEA0765B23}.Release|Any CPU.ActiveCfg = Release|Any CPU
		{9DF41F43-C9D8-41BF-93C5-64FEA0765B23}.Release|Any CPU.Build.0 = Release|Any CPU
		{9DF41F43-C9D8-41BF-93C5-64FEA0765B23}.Release|Mixed Platforms.ActiveCfg = Release|Any CPU
		{9DF41F43-C9D8-41BF-93C5-64FEA0765B23}.Release|Mixed Platforms.Build.0 = Release|Any CPU
		{9DF41F43-C9D8-41BF-93C5-64FEA0765B23}.Release|x86.ActiveCfg = Release|Any CPU
		{101D2474-8B4F-4402-A337-9411AAF7D930}.Debug|Any CPU.ActiveCfg = Debug|Any CPU
		{101D2474-8B4F-4402-A337-9411AAF7D930}.Debug|Any CPU.Build.0 = Debug|Any CPU
		{101D2474-8B4F-4402-A337-9411AAF7D930}.Debug|Mixed Platforms.ActiveCfg = Debug|Any CPU
		{101D2474-8B4F-4402-A337-9411AAF7D930}.Debug|Mixed Platforms.Build.0 = Debug|Any CPU
		{101D2474-8B4F-4402-A337-9411AAF7D930}.Debug|x86.ActiveCfg = Debug|Any CPU
		{101D2474-8B4F-4402-A337-9411AAF7D930}.Release|Any CPU.ActiveCfg = Release|Any CPU
		{101D2474-8B4F-4402-A337-9411AAF7D930}.Release|Any CPU.Build.0 = Release|Any CPU
		{101D2474-8B4F-4402-A337-9411AAF7D930}.Release|Mixed Platforms.ActiveCfg = Release|Any CPU
		{101D2474-8B4F-4402-A337-9411AAF7D930}.Release|Mixed Platforms.Build.0 = Release|Any CPU
		{101D2474-8B4F-4402-A337-9411AAF7D930}.Release|x86.ActiveCfg = Release|Any CPU
		{99881D79-AB40-41D6-99E0-56C88B9D886D}.Debug|Any CPU.ActiveCfg = Debug|x86
		{99881D79-AB40-41D6-99E0-56C88B9D886D}.Debug|Mixed Platforms.ActiveCfg = Debug|x86
		{99881D79-AB40-41D6-99E0-56C88B9D886D}.Debug|Mixed Platforms.Build.0 = Debug|x86
		{99881D79-AB40-41D6-99E0-56C88B9D886D}.Debug|x86.ActiveCfg = Debug|x86
		{99881D79-AB40-41D6-99E0-56C88B9D886D}.Debug|x86.Build.0 = Debug|x86
		{99881D79-AB40-41D6-99E0-56C88B9D886D}.Release|Any CPU.ActiveCfg = Release|x86
		{99881D79-AB40-41D6-99E0-56C88B9D886D}.Release|Mixed Platforms.ActiveCfg = Release|x86
		{99881D79-AB40-41D6-99E0-56C88B9D886D}.Release|Mixed Platforms.Build.0 = Release|x86
		{99881D79-AB40-41D6-99E0-56C88B9D886D}.Release|x86.ActiveCfg = Release|x86
		{99881D79-AB40-41D6-99E0-56C88B9D886D}.Release|x86.Build.0 = Release|x86
		{196E0F9A-4B8F-4B96-B599-57A4EBBC7065}.Debug|Any CPU.ActiveCfg = Debug|Any CPU
		{196E0F9A-4B8F-4B96-B599-57A4EBBC7065}.Debug|Any CPU.Build.0 = Debug|Any CPU
		{196E0F9A-4B8F-4B96-B599-57A4EBBC7065}.Debug|Mixed Platforms.ActiveCfg = Debug|Any CPU
		{196E0F9A-4B8F-4B96-B599-57A4EBBC7065}.Debug|Mixed Platforms.Build.0 = Debug|Any CPU
		{196E0F9A-4B8F-4B96-B599-57A4EBBC7065}.Debug|x86.ActiveCfg = Debug|Any CPU
		{196E0F9A-4B8F-4B96-B599-57A4EBBC7065}.Release|Any CPU.ActiveCfg = Release|Any CPU
		{196E0F9A-4B8F-4B96-B599-57A4EBBC7065}.Release|Any CPU.Build.0 = Release|Any CPU
		{196E0F9A-4B8F-4B96-B599-57A4EBBC7065}.Release|Mixed Platforms.ActiveCfg = Release|Any CPU
		{196E0F9A-4B8F-4B96-B599-57A4EBBC7065}.Release|Mixed Platforms.Build.0 = Release|Any CPU
		{196E0F9A-4B8F-4B96-B599-57A4EBBC7065}.Release|x86.ActiveCfg = Release|Any CPU
		{BDC46B22-94DD-4F4C-84CA-CB9D083E1EA1}.Debug|Any CPU.ActiveCfg = Debug|x86
		{BDC46B22-94DD-4F4C-84CA-CB9D083E1EA1}.Debug|Mixed Platforms.ActiveCfg = Debug|x86
		{BDC46B22-94DD-4F4C-84CA-CB9D083E1EA1}.Debug|Mixed Platforms.Build.0 = Debug|x86
		{BDC46B22-94DD-4F4C-84CA-CB9D083E1EA1}.Debug|x86.ActiveCfg = Debug|x86
		{BDC46B22-94DD-4F4C-84CA-CB9D083E1EA1}.Debug|x86.Build.0 = Debug|x86
		{BDC46B22-94DD-4F4C-84CA-CB9D083E1EA1}.Release|Any CPU.ActiveCfg = Release|x86
		{BDC46B22-94DD-4F4C-84CA-CB9D083E1EA1}.Release|Mixed Platforms.ActiveCfg = Release|x86
		{BDC46B22-94DD-4F4C-84CA-CB9D083E1EA1}.Release|Mixed Platforms.Build.0 = Release|x86
		{BDC46B22-94DD-4F4C-84CA-CB9D083E1EA1}.Release|x86.ActiveCfg = Release|x86
		{BDC46B22-94DD-4F4C-84CA-CB9D083E1EA1}.Release|x86.Build.0 = Release|x86
		{F2F83A3B-2EEA-4978-9587-64CD81BB415F}.Debug|Any CPU.ActiveCfg = Debug|Any CPU
		{F2F83A3B-2EEA-4978-9587-64CD81BB415F}.Debug|Any CPU.Build.0 = Debug|Any CPU
		{F2F83A3B-2EEA-4978-9587-64CD81BB415F}.Debug|Mixed Platforms.ActiveCfg = Debug|Any CPU
		{F2F83A3B-2EEA-4978-9587-64CD81BB415F}.Debug|Mixed Platforms.Build.0 = Debug|Any CPU
		{F2F83A3B-2EEA-4978-9587-64CD81BB415F}.Debug|x86.ActiveCfg = Debug|Any CPU
		{F2F83A3B-2EEA-4978-9587-64CD81BB415F}.Release|Any CPU.ActiveCfg = Release|Any CPU
		{F2F83A3B-2EEA-4978-9587-64CD81BB415F}.Release|Any CPU.Build.0 = Release|Any CPU
		{F2F83A3B-2EEA-4978-9587-64CD81BB415F}.Release|Mixed Platforms.ActiveCfg = Release|Any CPU
		{F2F83A3B-2EEA-4978-9587-64CD81BB415F}.Release|Mixed Platforms.Build.0 = Release|Any CPU
		{F2F83A3B-2EEA-4978-9587-64CD81BB415F}.Release|x86.ActiveCfg = Release|Any CPU
		{869275EF-21DA-4CA5-9003-32ADFD393D9E}.Debug|Any CPU.ActiveCfg = Debug|Any CPU
		{869275EF-21DA-4CA5-9003-32ADFD393D9E}.Debug|Any CPU.Build.0 = Debug|Any CPU
		{869275EF-21DA-4CA5-9003-32ADFD393D9E}.Debug|Mixed Platforms.ActiveCfg = Debug|Any CPU
		{869275EF-21DA-4CA5-9003-32ADFD393D9E}.Debug|Mixed Platforms.Build.0 = Debug|Any CPU
		{869275EF-21DA-4CA5-9003-32ADFD393D9E}.Debug|x86.ActiveCfg = Debug|Any CPU
		{869275EF-21DA-4CA5-9003-32ADFD393D9E}.Release|Any CPU.ActiveCfg = Release|Any CPU
		{869275EF-21DA-4CA5-9003-32ADFD393D9E}.Release|Any CPU.Build.0 = Release|Any CPU
		{869275EF-21DA-4CA5-9003-32ADFD393D9E}.Release|Mixed Platforms.ActiveCfg = Release|Any CPU
		{869275EF-21DA-4CA5-9003-32ADFD393D9E}.Release|Mixed Platforms.Build.0 = Release|Any CPU
		{869275EF-21DA-4CA5-9003-32ADFD393D9E}.Release|x86.ActiveCfg = Release|Any CPU
		{F1D78C0A-AC88-4E80-9707-2082A04318B9}.Debug|Any CPU.ActiveCfg = Debug|Any CPU
		{F1D78C0A-AC88-4E80-9707-2082A04318B9}.Debug|Any CPU.Build.0 = Debug|Any CPU
		{F1D78C0A-AC88-4E80-9707-2082A04318B9}.Debug|Mixed Platforms.ActiveCfg = Debug|Any CPU
		{F1D78C0A-AC88-4E80-9707-2082A04318B9}.Debug|Mixed Platforms.Build.0 = Debug|Any CPU
		{F1D78C0A-AC88-4E80-9707-2082A04318B9}.Debug|x86.ActiveCfg = Debug|Any CPU
		{F1D78C0A-AC88-4E80-9707-2082A04318B9}.Release|Any CPU.ActiveCfg = Release|Any CPU
		{F1D78C0A-AC88-4E80-9707-2082A04318B9}.Release|Any CPU.Build.0 = Release|Any CPU
		{F1D78C0A-AC88-4E80-9707-2082A04318B9}.Release|Mixed Platforms.ActiveCfg = Release|Any CPU
		{F1D78C0A-AC88-4E80-9707-2082A04318B9}.Release|Mixed Platforms.Build.0 = Release|Any CPU
		{F1D78C0A-AC88-4E80-9707-2082A04318B9}.Release|x86.ActiveCfg = Release|Any CPU
	EndGlobalSection
	GlobalSection(SolutionProperties) = preSolution
		HideSolutionNode = FALSE
	EndGlobalSection
	GlobalSection(NestedProjects) = preSolution
		{CAC7A3D3-E6BB-4C97-B728-B87D395EB688} = {D4F985EB-EB12-4630-BE76-AF9EA19408FD}
		{9E6B3785-82DE-4A2A-8E50-96127FCF7735} = {D4F985EB-EB12-4630-BE76-AF9EA19408FD}
		{12E5AAFD-04A7-4D8F-8840-C8CB4E0B23DC} = {84928648-95F5-4AA1-A16B-AF4D04FEF7A2}
		{A61E72CD-A2CE-42EF-BBD5-9657CC3C8E9E} = {84928648-95F5-4AA1-A16B-AF4D04FEF7A2}
		{55D82CB3-5508-45BD-B661-E723F8D78473} = {84928648-95F5-4AA1-A16B-AF4D04FEF7A2}
		{E8019F76-DE58-43A7-984C-A1272D62EA45} = {84928648-95F5-4AA1-A16B-AF4D04FEF7A2}
		{15CE4ECF-5566-464E-96DC-48C549ECA0DC} = {275BB145-F5E8-4371-A05C-6D73D735B4A6}
		{AB8B312B-C6F1-47E6-895E-DFE2D0651CF2} = {275BB145-F5E8-4371-A05C-6D73D735B4A6}
		{B1EB1CBA-5D16-4E40-B279-5BABA6ED3700} = {275BB145-F5E8-4371-A05C-6D73D735B4A6}
		{A4AB6EB6-4C55-4D8E-87D9-0B61A744D683} = {275BB145-F5E8-4371-A05C-6D73D735B4A6}
		{FCDA73F5-8D8F-4133-A3B9-774482200FDD} = {275BB145-F5E8-4371-A05C-6D73D735B4A6}
		{78931DDA-587C-4393-B846-A14C103BCDE6} = {275BB145-F5E8-4371-A05C-6D73D735B4A6}
		{A3CE7DF1-2CB4-45B9-924E-DBFBCA4ACEDA} = {275BB145-F5E8-4371-A05C-6D73D735B4A6}
		{C4D756AB-F3BC-42D8-8363-980EE5CEE152} = {275BB145-F5E8-4371-A05C-6D73D735B4A6}
		{304A8014-326C-46D8-AC2C-B5B048CFFD5B} = {275BB145-F5E8-4371-A05C-6D73D735B4A6}
		{7F88C894-5DAB-4A70-9A0F-894BB4CD750A} = {275BB145-F5E8-4371-A05C-6D73D735B4A6}
		{FA4EAC19-DC9A-4BAA-9ABF-B2D21C42C0B9} = {275BB145-F5E8-4371-A05C-6D73D735B4A6}
		{D960D80E-C286-45E1-8775-F20DDFAB80F5} = {275BB145-F5E8-4371-A05C-6D73D735B4A6}
		{A88F5BBB-C922-4B8B-939F-E1BB17E4C1B8} = {275BB145-F5E8-4371-A05C-6D73D735B4A6}
		{C608D160-B553-4C1B-90A7-EB2B1A8DAAE1} = {275BB145-F5E8-4371-A05C-6D73D735B4A6}
		{9DF41F43-C9D8-41BF-93C5-64FEA0765B23} = {275BB145-F5E8-4371-A05C-6D73D735B4A6}
		{101D2474-8B4F-4402-A337-9411AAF7D930} = {275BB145-F5E8-4371-A05C-6D73D735B4A6}
		{196E0F9A-4B8F-4B96-B599-57A4EBBC7065} = {275BB145-F5E8-4371-A05C-6D73D735B4A6}
		{F2F83A3B-2EEA-4978-9587-64CD81BB415F} = {275BB145-F5E8-4371-A05C-6D73D735B4A6}
		{869275EF-21DA-4CA5-9003-32ADFD393D9E} = {275BB145-F5E8-4371-A05C-6D73D735B4A6}
		{F1D78C0A-AC88-4E80-9707-2082A04318B9} = {275BB145-F5E8-4371-A05C-6D73D735B4A6}
		{C920D1CB-8CD9-47AB-A1E4-C4ED9DBC714B} = {9B79A32C-CF77-460B-A7BE-D79815C4ACBB}
		{9B194471-A1D2-47DF-A29A-D0BFA091489F} = {9B79A32C-CF77-460B-A7BE-D79815C4ACBB}
		{31598FE3-959D-4311-AF79-16EF518C60C8} = {9B79A32C-CF77-460B-A7BE-D79815C4ACBB}
		{99881D79-AB40-41D6-99E0-56C88B9D886D} = {9B79A32C-CF77-460B-A7BE-D79815C4ACBB}
		{F0CBA79B-AE8D-4BA0-BF76-9B5CCB66B642} = {9B79A32C-CF77-460B-A7BE-D79815C4ACBB}
		{BDC46B22-94DD-4F4C-84CA-CB9D083E1EA1} = {F0CBA79B-AE8D-4BA0-BF76-9B5CCB66B642}
	EndGlobalSection
EndGlobal
